
Microsoft Visual Studio Solution File, Format Version 12.00
# Visual Studio Version 17
VisualStudioVersion = 17.8.34601.278
MinimumVisualStudioVersion = 10.0.40219.1
Project("{8BC9CEB8-8B4A-11D0-8D11-00A0C91BC942}") = "multithreadingpractice", "multithreadingpractice.vcxproj", "{10BD67B6-1F43-4318-8A04-D215742C6CF6}"
EndProject
Global
	GlobalSection(SolutionConfigurationPlatforms) = preSolution
		Debug|x64 = Debug|x64
		Debug|x86 = Debug|x86
		Release|x64 = Release|x64
		Release|x86 = Release|x86
	EndGlobalSection
	GlobalSection(ProjectConfigurationPlatforms) = postSolution
		{10BD67B6-1F43-4318-8A04-D215742C6CF6}.Debug|x64.ActiveCfg = Debug|x64
		{10BD67B6-1F43-4318-8A04-D215742C6CF6}.Debug|x64.Build.0 = Debug|x64
		{10BD67B6-1F43-4318-8A04-D215742C6CF6}.Debug|x86.ActiveCfg = Debug|Win32
		{10BD67B6-1F43-4318-8A04-D215742C6CF6}.Debug|x86.Build.0 = Debug|Win32
		{10BD67B6-1F43-4318-8A04-D215742C6CF6}.Release|x64.ActiveCfg = Release|x64
		{10BD67B6-1F43-4318-8A04-D215742C6CF6}.Release|x64.Build.0 = Release|x64
		{10BD67B6-1F43-4318-8A04-D215742C6CF6}.Release|x86.ActiveCfg = Release|Win32
		{10BD67B6-1F43-4318-8A04-D215742C6CF6}.Release|x86.Build.0 = Release|Win32
	EndGlobalSection
	GlobalSection(SolutionProperties) = preSolution
		HideSolutionNode = FALSE
	EndGlobalSection
	GlobalSection(ExtensibilityGlobals) = postSolution
		SolutionGuid = {21A14992-D02B-4821-9D38-ECBBF9C3FC24}
	EndGlobalSection
EndGlobal
